// !$*UTF8*$!
{
	archiveVersion = 1;
	classes = {
	};
	objectVersion = 55;
	objects = {

/* Begin PBXBuildFile section */
		262B865627B0E40600B8583C /* AppDelegate.swift in Sources */ = {isa = PBXBuildFile; fileRef = 262B865527B0E40600B8583C /* AppDelegate.swift */; };
		262B865827B0E40600B8583C /* SceneDelegate.swift in Sources */ = {isa = PBXBuildFile; fileRef = 262B865727B0E40600B8583C /* SceneDelegate.swift */; };
		262B865A27B0E40600B8583C /* ViewController.swift in Sources */ = {isa = PBXBuildFile; fileRef = 262B865927B0E40600B8583C /* ViewController.swift */; };
		262B865D27B0E40600B8583C /* Main.storyboard in Resources */ = {isa = PBXBuildFile; fileRef = 262B865B27B0E40600B8583C /* Main.storyboard */; };
		262B865F27B0E40800B8583C /* Assets.xcassets in Resources */ = {isa = PBXBuildFile; fileRef = 262B865E27B0E40800B8583C /* Assets.xcassets */; };
		262B866227B0E40800B8583C /* LaunchScreen.storyboard in Resources */ = {isa = PBXBuildFile; fileRef = 262B866027B0E40800B8583C /* LaunchScreen.storyboard */; };
		268D031027B1A868001A77D5 /* InferenceModule.mm in Sources */ = {isa = PBXBuildFile; fileRef = 268D030E27B1A868001A77D5 /* InferenceModule.mm */; };
		26D52FF627B77A990047C990 /* streaming_asr.ptl in Resources */ = {isa = PBXBuildFile; fileRef = 26D52FF527B77A990047C990 /* streaming_asr.ptl */; };
		E195C8213A98C16DFEBAE488 /* Pods_StreamingASR.framework in Frameworks */ = {isa = PBXBuildFile; fileRef = 8B8238DE3B6160F56B626FB1 /* Pods_StreamingASR.framework */; };
/* End PBXBuildFile section */

/* Begin PBXFileReference section */
		262B865227B0E40600B8583C /* StreamingASR.app */ = {isa = PBXFileReference; explicitFileType = wrapper.application; includeInIndex = 0; path = StreamingASR.app; sourceTree = BUILT_PRODUCTS_DIR; };
		262B865527B0E40600B8583C /* AppDelegate.swift */ = {isa = PBXFileReference; lastKnownFileType = sourcecode.swift; path = AppDelegate.swift; sourceTree = "<group>"; };
		262B865727B0E40600B8583C /* SceneDelegate.swift */ = {isa = PBXFileReference; lastKnownFileType = sourcecode.swift; path = SceneDelegate.swift; sourceTree = "<group>"; };
		262B865927B0E40600B8583C /* ViewController.swift */ = {isa = PBXFileReference; lastKnownFileType = sourcecode.swift; path = ViewController.swift; sourceTree = "<group>"; };
		262B865C27B0E40600B8583C /* Base */ = {isa = PBXFileReference; lastKnownFileType = file.storyboard; name = Base; path = Base.lproj/Main.storyboard; sourceTree = "<group>"; };
		262B865E27B0E40800B8583C /* Assets.xcassets */ = {isa = PBXFileReference; lastKnownFileType = folder.assetcatalog; path = Assets.xcassets; sourceTree = "<group>"; };
		262B866127B0E40800B8583C /* Base */ = {isa = PBXFileReference; lastKnownFileType = file.storyboard; name = Base; path = Base.lproj/LaunchScreen.storyboard; sourceTree = "<group>"; };
		262B866327B0E40800B8583C /* Info.plist */ = {isa = PBXFileReference; lastKnownFileType = text.plist.xml; path = Info.plist; sourceTree = "<group>"; };
		268D030727B1A40A001A77D5 /* StreamingASR-Bridging-Header.h */ = {isa = PBXFileReference; lastKnownFileType = sourcecode.c.h; path = "StreamingASR-Bridging-Header.h"; sourceTree = "<group>"; };
		268D030E27B1A868001A77D5 /* InferenceModule.mm */ = {isa = PBXFileReference; fileEncoding = 4; lastKnownFileType = sourcecode.cpp.objcpp; path = InferenceModule.mm; sourceTree = "<group>"; };
		268D030F27B1A868001A77D5 /* InferenceModule.h */ = {isa = PBXFileReference; fileEncoding = 4; lastKnownFileType = sourcecode.c.h; path = InferenceModule.h; sourceTree = "<group>"; };
		26D52FF527B77A990047C990 /* streaming_asr.ptl */ = {isa = PBXFileReference; lastKnownFileType = file; path = streaming_asr.ptl; sourceTree = "<group>"; };
		4AD0CD7C4EFA695E23D1AEDA /* Pods-StreamingASR.release.xcconfig */ = {isa = PBXFileReference; includeInIndex = 1; lastKnownFileType = text.xcconfig; name = "Pods-StreamingASR.release.xcconfig"; path = "Target Support Files/Pods-StreamingASR/Pods-StreamingASR.release.xcconfig"; sourceTree = "<group>"; };
		8B8238DE3B6160F56B626FB1 /* Pods_StreamingASR.framework */ = {isa = PBXFileReference; explicitFileType = wrapper.framework; includeInIndex = 0; path = Pods_StreamingASR.framework; sourceTree = BUILT_PRODUCTS_DIR; };
		AE5E51590DC7DDC6EA453B15 /* Pods-StreamingASR.debug.xcconfig */ = {isa = PBXFileReference; includeInIndex = 1; lastKnownFileType = text.xcconfig; name = "Pods-StreamingASR.debug.xcconfig"; path = "Target Support Files/Pods-StreamingASR/Pods-StreamingASR.debug.xcconfig"; sourceTree = "<group>"; };
/* End PBXFileReference section */

/* Begin PBXFrameworksBuildPhase section */
		262B864F27B0E40600B8583C /* Frameworks */ = {
			isa = PBXFrameworksBuildPhase;
			buildActionMask = 2147483647;
			files = (
				E195C8213A98C16DFEBAE488 /* Pods_StreamingASR.framework in Frameworks */,
			);
			runOnlyForDeploymentPostprocessing = 0;
		};
/* End PBXFrameworksBuildPhase section */

/* Begin PBXGroup section */
		262B864927B0E40500B8583C = {
			isa = PBXGroup;
			children = (
				262B865427B0E40600B8583C /* StreamingASR */,
				262B865327B0E40600B8583C /* Products */,
				61D0CA281303D80900C7EDE1 /* Pods */,
				FD8C01DB686DDB25E103BFE4 /* Frameworks */,
			);
			sourceTree = "<group>";
		};
		262B865327B0E40600B8583C /* Products */ = {
			isa = PBXGroup;
			children = (
				262B865227B0E40600B8583C /* StreamingASR.app */,
			);
			name = Products;
			sourceTree = "<group>";
		};
		262B865427B0E40600B8583C /* StreamingASR */ = {
			isa = PBXGroup;
			children = (
				262B865527B0E40600B8583C /* AppDelegate.swift */,
				262B865727B0E40600B8583C /* SceneDelegate.swift */,
				262B865927B0E40600B8583C /* ViewController.swift */,
				262B865B27B0E40600B8583C /* Main.storyboard */,
				262B865E27B0E40800B8583C /* Assets.xcassets */,
				262B866027B0E40800B8583C /* LaunchScreen.storyboard */,
				262B866327B0E40800B8583C /* Info.plist */,
				268D030F27B1A868001A77D5 /* InferenceModule.h */,
				268D030E27B1A868001A77D5 /* InferenceModule.mm */,
				268D030727B1A40A001A77D5 /* StreamingASR-Bridging-Header.h */,
				26D52FF527B77A990047C990 /* streaming_asr.ptl */,
			);
			path = StreamingASR;
			sourceTree = "<group>";
		};
		61D0CA281303D80900C7EDE1 /* Pods */ = {
			isa = PBXGroup;
			children = (
				AE5E51590DC7DDC6EA453B15 /* Pods-StreamingASR.debug.xcconfig */,
				4AD0CD7C4EFA695E23D1AEDA /* Pods-StreamingASR.release.xcconfig */,
			);
			path = Pods;
			sourceTree = "<group>";
		};
		FD8C01DB686DDB25E103BFE4 /* Frameworks */ = {
			isa = PBXGroup;
			children = (
				8B8238DE3B6160F56B626FB1 /* Pods_StreamingASR.framework */,
			);
			name = Frameworks;
			sourceTree = "<group>";
		};
/* End PBXGroup section */

/* Begin PBXNativeTarget section */
		262B865127B0E40600B8583C /* StreamingASR */ = {
			isa = PBXNativeTarget;
			buildConfigurationList = 262B866627B0E40800B8583C /* Build configuration list for PBXNativeTarget "StreamingASR" */;
			buildPhases = (
				8388DA8B83B0DD84F43EC0DF /* [CP] Check Pods Manifest.lock */,
				262B864E27B0E40600B8583C /* Sources */,
				262B864F27B0E40600B8583C /* Frameworks */,
				262B865027B0E40600B8583C /* Resources */,
				3932944DC71A02C1EDE83A13 /* [CP] Embed Pods Frameworks */,
			);
			buildRules = (
			);
			dependencies = (
			);
			name = StreamingASR;
			productName = StreamingASR;
			productReference = 262B865227B0E40600B8583C /* StreamingASR.app */;
			productType = "com.apple.product-type.application";
		};
/* End PBXNativeTarget section */

/* Begin PBXProject section */
		262B864A27B0E40500B8583C /* Project object */ = {
			isa = PBXProject;
			attributes = {
				BuildIndependentTargetsInParallel = 1;
				LastSwiftUpdateCheck = 1320;
				LastUpgradeCheck = 1320;
				TargetAttributes = {
					262B865127B0E40600B8583C = {
						CreatedOnToolsVersion = 13.2.1;
						LastSwiftMigration = 1320;
					};
				};
			};
			buildConfigurationList = 262B864D27B0E40500B8583C /* Build configuration list for PBXProject "StreamingASR" */;
			compatibilityVersion = "Xcode 13.0";
			developmentRegion = en;
			hasScannedForEncodings = 0;
			knownRegions = (
				en,
				Base,
			);
			mainGroup = 262B864927B0E40500B8583C;
			productRefGroup = 262B865327B0E40600B8583C /* Products */;
			projectDirPath = "";
			projectRoot = "";
			targets = (
				262B865127B0E40600B8583C /* StreamingASR */,
			);
		};
/* End PBXProject section */

/* Begin PBXResourcesBuildPhase section */
		262B865027B0E40600B8583C /* Resources */ = {
			isa = PBXResourcesBuildPhase;
			buildActionMask = 2147483647;
			files = (
				262B866227B0E40800B8583C /* LaunchScreen.storyboard in Resources */,
				262B865F27B0E40800B8583C /* Assets.xcassets in Resources */,
				26D52FF627B77A990047C990 /* streaming_asr.ptl in Resources */,
				262B865D27B0E40600B8583C /* Main.storyboard in Resources */,
			);
			runOnlyForDeploymentPostprocessing = 0;
		};
/* End PBXResourcesBuildPhase section */

/* Begin PBXShellScriptBuildPhase section */
		3932944DC71A02C1EDE83A13 /* [CP] Embed Pods Frameworks */ = {
			isa = PBXShellScriptBuildPhase;
			buildActionMask = 2147483647;
			files = (
			);
			inputFileListPaths = (
				"${PODS_ROOT}/Target Support Files/Pods-StreamingASR/Pods-StreamingASR-frameworks-${CONFIGURATION}-input-files.xcfilelist",
			);
			name = "[CP] Embed Pods Frameworks";
			outputFileListPaths = (
				"${PODS_ROOT}/Target Support Files/Pods-StreamingASR/Pods-StreamingASR-frameworks-${CONFIGURATION}-output-files.xcfilelist",
			);
			runOnlyForDeploymentPostprocessing = 0;
			shellPath = /bin/sh;
			shellScript = "\"${PODS_ROOT}/Target Support Files/Pods-StreamingASR/Pods-StreamingASR-frameworks.sh\"\n";
			showEnvVarsInLog = 0;
		};
		8388DA8B83B0DD84F43EC0DF /* [CP] Check Pods Manifest.lock */ = {
			isa = PBXShellScriptBuildPhase;
			buildActionMask = 2147483647;
			files = (
			);
			inputFileListPaths = (
			);
			inputPaths = (
				"${PODS_PODFILE_DIR_PATH}/Podfile.lock",
				"${PODS_ROOT}/Manifest.lock",
			);
			name = "[CP] Check Pods Manifest.lock";
			outputFileListPaths = (
			);
			outputPaths = (
				"$(DERIVED_FILE_DIR)/Pods-StreamingASR-checkManifestLockResult.txt",
			);
			runOnlyForDeploymentPostprocessing = 0;
			shellPath = /bin/sh;
			shellScript = "diff \"${PODS_PODFILE_DIR_PATH}/Podfile.lock\" \"${PODS_ROOT}/Manifest.lock\" > /dev/null\nif [ $? != 0 ] ; then\n    # print error to STDERR\n    echo \"error: The sandbox is not in sync with the Podfile.lock. Run 'pod install' or update your CocoaPods installation.\" >&2\n    exit 1\nfi\n# This output is used by Xcode 'outputs' to avoid re-running this script phase.\necho \"SUCCESS\" > \"${SCRIPT_OUTPUT_FILE_0}\"\n";
			showEnvVarsInLog = 0;
		};
/* End PBXShellScriptBuildPhase section */

/* Begin PBXSourcesBuildPhase section */
		262B864E27B0E40600B8583C /* Sources */ = {
			isa = PBXSourcesBuildPhase;
			buildActionMask = 2147483647;
			files = (
				262B865A27B0E40600B8583C /* ViewController.swift in Sources */,
				262B865627B0E40600B8583C /* AppDelegate.swift in Sources */,
				262B865827B0E40600B8583C /* SceneDelegate.swift in Sources */,
				268D031027B1A868001A77D5 /* InferenceModule.mm in Sources */,
			);
			runOnlyForDeploymentPostprocessing = 0;
		};
/* End PBXSourcesBuildPhase section */

/* Begin PBXVariantGroup section */
		262B865B27B0E40600B8583C /* Main.storyboard */ = {
			isa = PBXVariantGroup;
			children = (
				262B865C27B0E40600B8583C /* Base */,
			);
			name = Main.storyboard;
			sourceTree = "<group>";
		};
		262B866027B0E40800B8583C /* LaunchScreen.storyboard */ = {
			isa = PBXVariantGroup;
			children = (
				262B866127B0E40800B8583C /* Base */,
			);
			name = LaunchScreen.storyboard;
			sourceTree = "<group>";
		};
/* End PBXVariantGroup section */

/* Begin XCBuildConfiguration section */
		262B866427B0E40800B8583C /* Debug */ = {
			isa = XCBuildConfiguration;
			buildSettings = {
				ALWAYS_SEARCH_USER_PATHS = NO;
				CLANG_ANALYZER_NONNULL = YES;
				CLANG_ANALYZER_NUMBER_OBJECT_CONVERSION = YES_AGGRESSIVE;
				CLANG_CXX_LANGUAGE_STANDARD = "gnu++17";
				CLANG_CXX_LIBRARY = "libc++";
				CLANG_ENABLE_MODULES = YES;
				CLANG_ENABLE_OBJC_ARC = YES;
				CLANG_ENABLE_OBJC_WEAK = YES;
				CLANG_WARN_BLOCK_CAPTURE_AUTORELEASING = YES;
				CLANG_WARN_BOOL_CONVERSION = YES;
				CLANG_WARN_COMMA = YES;
				CLANG_WARN_CONSTANT_CONVERSION = YES;
				CLANG_WARN_DEPRECATED_OBJC_IMPLEMENTATIONS = YES;
				CLANG_WARN_DIRECT_OBJC_ISA_USAGE = YES_ERROR;
				CLANG_WARN_DOCUMENTATION_COMMENTS = YES;
				CLANG_WARN_EMPTY_BODY = YES;
				CLANG_WARN_ENUM_CONVERSION = YES;
				CLANG_WARN_INFINITE_RECURSION = YES;
				CLANG_WARN_INT_CONVERSION = YES;
				CLANG_WARN_NON_LITERAL_NULL_CONVERSION = YES;
				CLANG_WARN_OBJC_IMPLICIT_RETAIN_SELF = YES;
				CLANG_WARN_OBJC_LITERAL_CONVERSION = YES;
				CLANG_WARN_OBJC_ROOT_CLASS = YES_ERROR;
				CLANG_WARN_QUOTED_INCLUDE_IN_FRAMEWORK_HEADER = YES;
				CLANG_WARN_RANGE_LOOP_ANALYSIS = YES;
				CLANG_WARN_STRICT_PROTOTYPES = YES;
				CLANG_WARN_SUSPICIOUS_MOVE = YES;
				CLANG_WARN_UNGUARDED_AVAILABILITY = YES_AGGRESSIVE;
				CLANG_WARN_UNREACHABLE_CODE = YES;
				CLANG_WARN__DUPLICATE_METHOD_MATCH = YES;
				COPY_PHASE_STRIP = NO;
				DEBUG_INFORMATION_FORMAT = dwarf;
				ENABLE_BITCODE = NO;
				ENABLE_STRICT_OBJC_MSGSEND = YES;
				ENABLE_TESTABILITY = YES;
				GCC_C_LANGUAGE_STANDARD = gnu11;
				GCC_DYNAMIC_NO_PIC = NO;
				GCC_NO_COMMON_BLOCKS = YES;
				GCC_OPTIMIZATION_LEVEL = 0;
				GCC_PREPROCESSOR_DEFINITIONS = (
					"DEBUG=1",
					"$(inherited)",
				);
				GCC_WARN_64_TO_32_BIT_CONVERSION = YES;
				GCC_WARN_ABOUT_RETURN_TYPE = YES_ERROR;
				GCC_WARN_UNDECLARED_SELECTOR = YES;
				GCC_WARN_UNINITIALIZED_AUTOS = YES_AGGRESSIVE;
				GCC_WARN_UNUSED_FUNCTION = YES;
				GCC_WARN_UNUSED_VARIABLE = YES;
				IPHONEOS_DEPLOYMENT_TARGET = 14.5;
				MTL_ENABLE_DEBUG_INFO = INCLUDE_SOURCE;
				MTL_FAST_MATH = YES;
				ONLY_ACTIVE_ARCH = YES;
				SDKROOT = iphoneos;
				SWIFT_ACTIVE_COMPILATION_CONDITIONS = DEBUG;
				SWIFT_OPTIMIZATION_LEVEL = "-Onone";
			};
			name = Debug;
		};
		262B866527B0E40800B8583C /* Release */ = {
			isa = XCBuildConfiguration;
			buildSettings = {
				ALWAYS_SEARCH_USER_PATHS = NO;
				CLANG_ANALYZER_NONNULL = YES;
				CLANG_ANALYZER_NUMBER_OBJECT_CONVERSION = YES_AGGRESSIVE;
				CLANG_CXX_LANGUAGE_STANDARD = "gnu++17";
				CLANG_CXX_LIBRARY = "libc++";
				CLANG_ENABLE_MODULES = YES;
				CLANG_ENABLE_OBJC_ARC = YES;
				CLANG_ENABLE_OBJC_WEAK = YES;
				CLANG_WARN_BLOCK_CAPTURE_AUTORELEASING = YES;
				CLANG_WARN_BOOL_CONVERSION = YES;
				CLANG_WARN_COMMA = YES;
				CLANG_WARN_CONSTANT_CONVERSION = YES;
				CLANG_WARN_DEPRECATED_OBJC_IMPLEMENTATIONS = YES;
				CLANG_WARN_DIRECT_OBJC_ISA_USAGE = YES_ERROR;
				CLANG_WARN_DOCUMENTATION_COMMENTS = YES;
				CLANG_WARN_EMPTY_BODY = YES;
				CLANG_WARN_ENUM_CONVERSION = YES;
				CLANG_WARN_INFINITE_RECURSION = YES;
				CLANG_WARN_INT_CONVERSION = YES;
				CLANG_WARN_NON_LITERAL_NULL_CONVERSION = YES;
				CLANG_WARN_OBJC_IMPLICIT_RETAIN_SELF = YES;
				CLANG_WARN_OBJC_LITERAL_CONVERSION = YES;
				CLANG_WARN_OBJC_ROOT_CLASS = YES_ERROR;
				CLANG_WARN_QUOTED_INCLUDE_IN_FRAMEWORK_HEADER = YES;
				CLANG_WARN_RANGE_LOOP_ANALYSIS = YES;
				CLANG_WARN_STRICT_PROTOTYPES = YES;
				CLANG_WARN_SUSPICIOUS_MOVE = YES;
				CLANG_WARN_UNGUARDED_AVAILABILITY = YES_AGGRESSIVE;
				CLANG_WARN_UNREACHABLE_CODE = YES;
				CLANG_WARN__DUPLICATE_METHOD_MATCH = YES;
				COPY_PHASE_STRIP = NO;
				DEBUG_INFORMATION_FORMAT = "dwarf-with-dsym";
				ENABLE_BITCODE = NO;
				ENABLE_NS_ASSERTIONS = NO;
				ENABLE_STRICT_OBJC_MSGSEND = YES;
				GCC_C_LANGUAGE_STANDARD = gnu11;
				GCC_NO_COMMON_BLOCKS = YES;
				GCC_WARN_64_TO_32_BIT_CONVERSION = YES;
				GCC_WARN_ABOUT_RETURN_TYPE = YES_ERROR;
				GCC_WARN_UNDECLARED_SELECTOR = YES;
				GCC_WARN_UNINITIALIZED_AUTOS = YES_AGGRESSIVE;
				GCC_WARN_UNUSED_FUNCTION = YES;
				GCC_WARN_UNUSED_VARIABLE = YES;
				IPHONEOS_DEPLOYMENT_TARGET = 14.5;
				MTL_ENABLE_DEBUG_INFO = NO;
				MTL_FAST_MATH = YES;
				SDKROOT = iphoneos;
				SWIFT_COMPILATION_MODE = wholemodule;
				SWIFT_OPTIMIZATION_LEVEL = "-O";
				VALIDATE_PRODUCT = YES;
			};
			name = Release;
		};
		262B866727B0E40800B8583C /* Debug */ = {
			isa = XCBuildConfiguration;
			baseConfigurationReference = AE5E51590DC7DDC6EA453B15 /* Pods-StreamingASR.debug.xcconfig */;
			buildSettings = {
				ASSETCATALOG_COMPILER_APPICON_NAME = AppIcon;
				ASSETCATALOG_COMPILER_GLOBAL_ACCENT_COLOR_NAME = AccentColor;
				CLANG_ENABLE_MODULES = YES;
				CODE_SIGN_STYLE = Automatic;
				CURRENT_PROJECT_VERSION = 1;
				DEVELOPMENT_TEAM = V568RNX5Q4;
				GENERATE_INFOPLIST_FILE = YES;
				INFOPLIST_FILE = StreamingASR/Info.plist;
				INFOPLIST_KEY_UIApplicationSupportsIndirectInputEvents = YES;
				INFOPLIST_KEY_UILaunchStoryboardName = LaunchScreen;
				INFOPLIST_KEY_UIMainStoryboardFile = Main;
				INFOPLIST_KEY_UISupportedInterfaceOrientations_iPad = "UIInterfaceOrientationPortrait UIInterfaceOrientationPortraitUpsideDown UIInterfaceOrientationLandscapeLeft UIInterfaceOrientationLandscapeRight";
				INFOPLIST_KEY_UISupportedInterfaceOrientations_iPhone = "UIInterfaceOrientationPortrait UIInterfaceOrientationLandscapeLeft UIInterfaceOrientationLandscapeRight";
				LD_RUNPATH_SEARCH_PATHS = (
					"$(inherited)",
					"@executable_path/Frameworks",
				);
				MARKETING_VERSION = 1.0;
				PRODUCT_BUNDLE_IDENTIFIER = com.pytorch.mobile.StreamingASR;
				PRODUCT_NAME = "$(TARGET_NAME)";
				SWIFT_EMIT_LOC_STRINGS = YES;
				SWIFT_OBJC_BRIDGING_HEADER = "StreamingASR/StreamingASR-Bridging-Header.h";
				SWIFT_OPTIMIZATION_LEVEL = "-Onone";
				SWIFT_VERSION = 5.0;
				TARGETED_DEVICE_FAMILY = "1,2";
			};
			name = Debug;
		};
		262B866827B0E40800B8583C /* Release */ = {
			isa = XCBuildConfiguration;
			baseConfigurationReference = 4AD0CD7C4EFA695E23D1AEDA /* Pods-StreamingASR.release.xcconfig */;
			buildSettings = {
				ASSETCATALOG_COMPILER_APPICON_NAME = AppIcon;
				ASSETCATALOG_COMPILER_GLOBAL_ACCENT_COLOR_NAME = AccentColor;
				CLANG_ENABLE_MODULES = YES;
				CODE_SIGN_STYLE = Automatic;
				CURRENT_PROJECT_VERSION = 1;
				DEVELOPMENT_TEAM = V568RNX5Q4;
				GENERATE_INFOPLIST_FILE = YES;
				INFOPLIST_FILE = StreamingASR/Info.plist;
				INFOPLIST_KEY_UIApplicationSupportsIndirectInputEvents = YES;
				INFOPLIST_KEY_UILaunchStoryboardName = LaunchScreen;
				INFOPLIST_KEY_UIMainStoryboardFile = Main;
				INFOPLIST_KEY_UISupportedInterfaceOrientations_iPad = "UIInterfaceOrientationPortrait UIInterfaceOrientationPortraitUpsideDown UIInterfaceOrientationLandscapeLeft UIInterfaceOrientationLandscapeRight";
				INFOPLIST_KEY_UISupportedInterfaceOrientations_iPhone = "UIInterfaceOrientationPortrait UIInterfaceOrientationLandscapeLeft UIInterfaceOrientationLandscapeRight";
				LD_RUNPATH_SEARCH_PATHS = (
					"$(inherited)",
					"@executable_path/Frameworks",
				);
				MARKETING_VERSION = 1.0;
				PRODUCT_BUNDLE_IDENTIFIER = com.pytorch.mobile.StreamingASR;
				PRODUCT_NAME = "$(TARGET_NAME)";
				SWIFT_EMIT_LOC_STRINGS = YES;
				SWIFT_OBJC_BRIDGING_HEADER = "StreamingASR/StreamingASR-Bridging-Header.h";
				SWIFT_VERSION = 5.0;
				TARGETED_DEVICE_FAMILY = "1,2";
			};
			name = Release;
		};
/* End XCBuildConfiguration section */

/* Begin XCConfigurationList section */
		262B864D27B0E40500B8583C /* Build configuration list for PBXProject "StreamingASR" */ = {
			isa = XCConfigurationList;
			buildConfigurations = (
				262B866427B0E40800B8583C /* Debug */,
				262B866527B0E40800B8583C /* Release */,
			);
			defaultConfigurationIsVisible = 0;
			defaultConfigurationName = Release;
		};
		262B866627B0E40800B8583C /* Build configuration list for PBXNativeTarget "StreamingASR" */ = {
			isa = XCConfigurationList;
			buildConfigurations = (
				262B866727B0E40800B8583C /* Debug */,
				262B866827B0E40800B8583C /* Release */,
			);
			defaultConfigurationIsVisible = 0;
			defaultConfigurationName = Release;
		};
/* End XCConfigurationList section */
	};
	rootObject = 262B864A27B0E40500B8583C /* Project object */;
}
