// !$*UTF8*$!
{
	archiveVersion = 1;
	classes = {
	};
	objectVersion = 55;
	objects = {

/* Begin PBXBuildFile section */
		E956E0C428AB7926005A1871 /* AppDelegate.swift in Sources */ = {isa = PBXBuildFile; fileRef = E956E0C328AB7926005A1871 /* AppDelegate.swift */; };
		E956E0C628AB7926005A1871 /* SceneDelegate.swift in Sources */ = {isa = PBXBuildFile; fileRef = E956E0C528AB7926005A1871 /* SceneDelegate.swift */; };
		E956E0C828AB7926005A1871 /* ViewController.swift in Sources */ = {isa = PBXBuildFile; fileRef = E956E0C728AB7926005A1871 /* ViewController.swift */; };
		E956E0CB28AB7926005A1871 /* Main.storyboard in Resources */ = {isa = PBXBuildFile; fileRef = E956E0C928AB7926005A1871 /* Main.storyboard */; };
		E956E0CD28AB7928005A1871 /* Assets.xcassets in Resources */ = {isa = PBXBuildFile; fileRef = E956E0CC28AB7928005A1871 /* Assets.xcassets */; };
		E956E0D028AB7928005A1871 /* LaunchScreen.storyboard in Resources */ = {isa = PBXBuildFile; fileRef = E956E0CE28AB7928005A1871 /* LaunchScreen.storyboard */; };
		E956E0DA28AB86BF005A1871 /* yolov5n.mlmodel in Sources */ = {isa = PBXBuildFile; fileRef = E956E0D928AB86BF005A1871 /* yolov5n.mlmodel */; };
		E956E0DC28ACD391005A1871 /* Utils.swift in Sources */ = {isa = PBXBuildFile; fileRef = E956E0DB28ACD391005A1871 /* Utils.swift */; };
/* End PBXBuildFile section */

/* Begin PBXFileReference section */
		E956E0C028AB7926005A1871 /* ObjectDetection-CoreML.app */ = {isa = PBXFileReference; explicitFileType = wrapper.application; includeInIndex = 0; path = "ObjectDetection-CoreML.app"; sourceTree = BUILT_PRODUCTS_DIR; };
		E956E0C328AB7926005A1871 /* AppDelegate.swift */ = {isa = PBXFileReference; lastKnownFileType = sourcecode.swift; path = AppDelegate.swift; sourceTree = "<group>"; };
		E956E0C528AB7926005A1871 /* SceneDelegate.swift */ = {isa = PBXFileReference; lastKnownFileType = sourcecode.swift; path = SceneDelegate.swift; sourceTree = "<group>"; };
		E956E0C728AB7926005A1871 /* ViewController.swift */ = {isa = PBXFileReference; lastKnownFileType = sourcecode.swift; path = ViewController.swift; sourceTree = "<group>"; };
		E956E0CA28AB7926005A1871 /* Base */ = {isa = PBXFileReference; lastKnownFileType = file.storyboard; name = Base; path = Base.lproj/Main.storyboard; sourceTree = "<group>"; };
		E956E0CC28AB7928005A1871 /* Assets.xcassets */ = {isa = PBXFileReference; lastKnownFileType = folder.assetcatalog; path = Assets.xcassets; sourceTree = "<group>"; };
		E956E0CF28AB7928005A1871 /* Base */ = {isa = PBXFileReference; lastKnownFileType = file.storyboard; name = Base; path = Base.lproj/LaunchScreen.storyboard; sourceTree = "<group>"; };
		E956E0D128AB7928005A1871 /* Info.plist */ = {isa = PBXFileReference; lastKnownFileType = text.plist.xml; path = Info.plist; sourceTree = "<group>"; };
		E956E0D928AB86BF005A1871 /* yolov5n.mlmodel */ = {isa = PBXFileReference; lastKnownFileType = file.mlmodel; path = yolov5n.mlmodel; sourceTree = "<group>"; };
		E956E0DB28ACD391005A1871 /* Utils.swift */ = {isa = PBXFileReference; lastKnownFileType = sourcecode.swift; path = Utils.swift; sourceTree = "<group>"; };
		E956E0DE28ACF6CC005A1871 /* en */ = {isa = PBXFileReference; lastKnownFileType = text.plist.strings; name = en; path = en.lproj/Main.strings; sourceTree = "<group>"; };
/* End PBXFileReference section */

/* Begin PBXFrameworksBuildPhase section */
		E956E0BD28AB7926005A1871 /* Frameworks */ = {
			isa = PBXFrameworksBuildPhase;
			buildActionMask = 2147483647;
			files = (
			);
			runOnlyForDeploymentPostprocessing = 0;
		};
/* End PBXFrameworksBuildPhase section */

/* Begin PBXGroup section */
		E956E0B728AB7926005A1871 = {
			isa = PBXGroup;
			children = (
				E956E0C228AB7926005A1871 /* ObjectDetection-CoreML */,
				E956E0C128AB7926005A1871 /* Products */,
			);
			sourceTree = "<group>";
		};
		E956E0C128AB7926005A1871 /* Products */ = {
			isa = PBXGroup;
			children = (
				E956E0C028AB7926005A1871 /* ObjectDetection-CoreML.app */,
			);
			name = Products;
			sourceTree = "<group>";
		};
		E956E0C228AB7926005A1871 /* ObjectDetection-CoreML */ = {
			isa = PBXGroup;
			children = (
				E956E0C328AB7926005A1871 /* AppDelegate.swift */,
				E956E0C528AB7926005A1871 /* SceneDelegate.swift */,
				E956E0C728AB7926005A1871 /* ViewController.swift */,
				E956E0C928AB7926005A1871 /* Main.storyboard */,
				E956E0CC28AB7928005A1871 /* Assets.xcassets */,
				E956E0CE28AB7928005A1871 /* LaunchScreen.storyboard */,
				E956E0D128AB7928005A1871 /* Info.plist */,
				E956E0D928AB86BF005A1871 /* yolov5n.mlmodel */,
				E956E0DB28ACD391005A1871 /* Utils.swift */,
			);
			path = "ObjectDetection-CoreML";
			sourceTree = "<group>";
		};
/* End PBXGroup section */

/* Begin PBXNativeTarget section */
		E956E0BF28AB7926005A1871 /* ObjectDetection-CoreML */ = {
			isa = PBXNativeTarget;
			buildConfigurationList = E956E0D428AB7928005A1871 /* Build configuration list for PBXNativeTarget "ObjectDetection-CoreML" */;
			buildPhases = (
				E956E0BC28AB7926005A1871 /* Sources */,
				E956E0BD28AB7926005A1871 /* Frameworks */,
				E956E0BE28AB7926005A1871 /* Resources */,
			);
			buildRules = (
			);
			dependencies = (
			);
			name = "ObjectDetection-CoreML";
			productName = "ObjectDetection-CoreML";
			productReference = E956E0C028AB7926005A1871 /* ObjectDetection-CoreML.app */;
			productType = "com.apple.product-type.application";
		};
/* End PBXNativeTarget section */

/* Begin PBXProject section */
		E956E0B828AB7926005A1871 /* Project object */ = {
			isa = PBXProject;
			attributes = {
				BuildIndependentTargetsInParallel = 1;
				LastSwiftUpdateCheck = 1340;
				LastUpgradeCheck = 1340;
				TargetAttributes = {
					E956E0BF28AB7926005A1871 = {
						CreatedOnToolsVersion = 13.4.1;
					};
				};
			};
			buildConfigurationList = E956E0BB28AB7926005A1871 /* Build configuration list for PBXProject "ObjectDetection-CoreML" */;
			compatibilityVersion = "Xcode 13.0";
			developmentRegion = en;
			hasScannedForEncodings = 0;
			knownRegions = (
				en,
				Base,
			);
			mainGroup = E956E0B728AB7926005A1871;
			productRefGroup = E956E0C128AB7926005A1871 /* Products */;
			projectDirPath = "";
			projectRoot = "";
			targets = (
				E956E0BF28AB7926005A1871 /* ObjectDetection-CoreML */,
			);
		};
/* End PBXProject section */

/* Begin PBXResourcesBuildPhase section */
		E956E0BE28AB7926005A1871 /* Resources */ = {
			isa = PBXResourcesBuildPhase;
			buildActionMask = 2147483647;
			files = (
				E956E0D028AB7928005A1871 /* LaunchScreen.storyboard in Resources */,
				E956E0CD28AB7928005A1871 /* Assets.xcassets in Resources */,
				E956E0CB28AB7926005A1871 /* Main.storyboard in Resources */,
			);
			runOnlyForDeploymentPostprocessing = 0;
		};
/* End PBXResourcesBuildPhase section */

/* Begin PBXSourcesBuildPhase section */
		E956E0BC28AB7926005A1871 /* Sources */ = {
			isa = PBXSourcesBuildPhase;
			buildActionMask = 2147483647;
			files = (
				E956E0DC28ACD391005A1871 /* Utils.swift in Sources */,
				E956E0C828AB7926005A1871 /* ViewController.swift in Sources */,
				E956E0C428AB7926005A1871 /* AppDelegate.swift in Sources */,
				E956E0C628AB7926005A1871 /* SceneDelegate.swift in Sources */,
				E956E0DA28AB86BF005A1871 /* yolov5n.mlmodel in Sources */,
			);
			runOnlyForDeploymentPostprocessing = 0;
		};
/* End PBXSourcesBuildPhase section */

/* Begin PBXVariantGroup section */
		E956E0C928AB7926005A1871 /* Main.storyboard */ = {
			isa = PBXVariantGroup;
			children = (
				E956E0CA28AB7926005A1871 /* Base */,
				E956E0DE28ACF6CC005A1871 /* en */,
			);
			name = Main.storyboard;
			sourceTree = "<group>";
		};
		E956E0CE28AB7928005A1871 /* LaunchScreen.storyboard */ = {
			isa = PBXVariantGroup;
			children = (
				E956E0CF28AB7928005A1871 /* Base */,
			);
			name = LaunchScreen.storyboard;
			sourceTree = "<group>";
		};
/* End PBXVariantGroup section */

/* Begin XCBuildConfiguration section */
		E956E0D228AB7928005A1871 /* Debug */ = {
			isa = XCBuildConfiguration;
			buildSettings = {
				ALWAYS_SEARCH_USER_PATHS = NO;
				CLANG_ANALYZER_NONNULL = YES;
				CLANG_ANALYZER_NUMBER_OBJECT_CONVERSION = YES_AGGRESSIVE;
				CLANG_CXX_LANGUAGE_STANDARD = "gnu++17";
				CLANG_ENABLE_MODULES = YES;
				CLANG_ENABLE_OBJC_ARC = YES;
				CLANG_ENABLE_OBJC_WEAK = YES;
				CLANG_WARN_BLOCK_CAPTURE_AUTORELEASING = YES;
				CLANG_WARN_BOOL_CONVERSION = YES;
				CLANG_WARN_COMMA = YES;
				CLANG_WARN_CONSTANT_CONVERSION = YES;
				CLANG_WARN_DEPRECATED_OBJC_IMPLEMENTATIONS = YES;
				CLANG_WARN_DIRECT_OBJC_ISA_USAGE = YES_ERROR;
				CLANG_WARN_DOCUMENTATION_COMMENTS = YES;
				CLANG_WARN_EMPTY_BODY = YES;
				CLANG_WARN_ENUM_CONVERSION = YES;
				CLANG_WARN_INFINITE_RECURSION = YES;
				CLANG_WARN_INT_CONVERSION = YES;
				CLANG_WARN_NON_LITERAL_NULL_CONVERSION = YES;
				CLANG_WARN_OBJC_IMPLICIT_RETAIN_SELF = YES;
				CLANG_WARN_OBJC_LITERAL_CONVERSION = YES;
				CLANG_WARN_OBJC_ROOT_CLASS = YES_ERROR;
				CLANG_WARN_QUOTED_INCLUDE_IN_FRAMEWORK_HEADER = YES;
				CLANG_WARN_RANGE_LOOP_ANALYSIS = YES;
				CLANG_WARN_STRICT_PROTOTYPES = YES;
				CLANG_WARN_SUSPICIOUS_MOVE = YES;
				CLANG_WARN_UNGUARDED_AVAILABILITY = YES_AGGRESSIVE;
				CLANG_WARN_UNREACHABLE_CODE = YES;
				CLANG_WARN__DUPLICATE_METHOD_MATCH = YES;
				COPY_PHASE_STRIP = NO;
				DEBUG_INFORMATION_FORMAT = dwarf;
				ENABLE_STRICT_OBJC_MSGSEND = YES;
				ENABLE_TESTABILITY = YES;
				GCC_C_LANGUAGE_STANDARD = gnu11;
				GCC_DYNAMIC_NO_PIC = NO;
				GCC_NO_COMMON_BLOCKS = YES;
				GCC_OPTIMIZATION_LEVEL = 0;
				GCC_PREPROCESSOR_DEFINITIONS = (
					"DEBUG=1",
					"$(inherited)",
				);
				GCC_WARN_64_TO_32_BIT_CONVERSION = YES;
				GCC_WARN_ABOUT_RETURN_TYPE = YES_ERROR;
				GCC_WARN_UNDECLARED_SELECTOR = YES;
				GCC_WARN_UNINITIALIZED_AUTOS = YES_AGGRESSIVE;
				GCC_WARN_UNUSED_FUNCTION = YES;
				GCC_WARN_UNUSED_VARIABLE = YES;
				IPHONEOS_DEPLOYMENT_TARGET = 15.5;
				MTL_ENABLE_DEBUG_INFO = INCLUDE_SOURCE;
				MTL_FAST_MATH = YES;
				ONLY_ACTIVE_ARCH = YES;
				SDKROOT = iphoneos;
				SWIFT_ACTIVE_COMPILATION_CONDITIONS = DEBUG;
				SWIFT_OPTIMIZATION_LEVEL = "-Onone";
			};
			name = Debug;
		};
		E956E0D328AB7928005A1871 /* Release */ = {
			isa = XCBuildConfiguration;
			buildSettings = {
				ALWAYS_SEARCH_USER_PATHS = NO;
				CLANG_ANALYZER_NONNULL = YES;
				CLANG_ANALYZER_NUMBER_OBJECT_CONVERSION = YES_AGGRESSIVE;
				CLANG_CXX_LANGUAGE_STANDARD = "gnu++17";
				CLANG_ENABLE_MODULES = YES;
				CLANG_ENABLE_OBJC_ARC = YES;
				CLANG_ENABLE_OBJC_WEAK = YES;
				CLANG_WARN_BLOCK_CAPTURE_AUTORELEASING = YES;
				CLANG_WARN_BOOL_CONVERSION = YES;
				CLANG_WARN_COMMA = YES;
				CLANG_WARN_CONSTANT_CONVERSION = YES;
				CLANG_WARN_DEPRECATED_OBJC_IMPLEMENTATIONS = YES;
				CLANG_WARN_DIRECT_OBJC_ISA_USAGE = YES_ERROR;
				CLANG_WARN_DOCUMENTATION_COMMENTS = YES;
				CLANG_WARN_EMPTY_BODY = YES;
				CLANG_WARN_ENUM_CONVERSION = YES;
				CLANG_WARN_INFINITE_RECURSION = YES;
				CLANG_WARN_INT_CONVERSION = YES;
				CLANG_WARN_NON_LITERAL_NULL_CONVERSION = YES;
				CLANG_WARN_OBJC_IMPLICIT_RETAIN_SELF = YES;
				CLANG_WARN_OBJC_LITERAL_CONVERSION = YES;
				CLANG_WARN_OBJC_ROOT_CLASS = YES_ERROR;
				CLANG_WARN_QUOTED_INCLUDE_IN_FRAMEWORK_HEADER = YES;
				CLANG_WARN_RANGE_LOOP_ANALYSIS = YES;
				CLANG_WARN_STRICT_PROTOTYPES = YES;
				CLANG_WARN_SUSPICIOUS_MOVE = YES;
				CLANG_WARN_UNGUARDED_AVAILABILITY = YES_AGGRESSIVE;
				CLANG_WARN_UNREACHABLE_CODE = YES;
				CLANG_WARN__DUPLICATE_METHOD_MATCH = YES;
				COPY_PHASE_STRIP = NO;
				DEBUG_INFORMATION_FORMAT = "dwarf-with-dsym";
				ENABLE_NS_ASSERTIONS = NO;
				ENABLE_STRICT_OBJC_MSGSEND = YES;
				GCC_C_LANGUAGE_STANDARD = gnu11;
				GCC_NO_COMMON_BLOCKS = YES;
				GCC_WARN_64_TO_32_BIT_CONVERSION = YES;
				GCC_WARN_ABOUT_RETURN_TYPE = YES_ERROR;
				GCC_WARN_UNDECLARED_SELECTOR = YES;
				GCC_WARN_UNINITIALIZED_AUTOS = YES_AGGRESSIVE;
				GCC_WARN_UNUSED_FUNCTION = YES;
				GCC_WARN_UNUSED_VARIABLE = YES;
				IPHONEOS_DEPLOYMENT_TARGET = 15.5;
				MTL_ENABLE_DEBUG_INFO = NO;
				MTL_FAST_MATH = YES;
				SDKROOT = iphoneos;
				SWIFT_COMPILATION_MODE = wholemodule;
				SWIFT_OPTIMIZATION_LEVEL = "-O";
				VALIDATE_PRODUCT = YES;
			};
			name = Release;
		};
		E956E0D528AB7928005A1871 /* Debug */ = {
			isa = XCBuildConfiguration;
			buildSettings = {
				ASSETCATALOG_COMPILER_APPICON_NAME = AppIcon;
				ASSETCATALOG_COMPILER_GLOBAL_ACCENT_COLOR_NAME = AccentColor;
				CODE_SIGN_STYLE = Automatic;
				CURRENT_PROJECT_VERSION = 1;
				DEVELOPMENT_TEAM = CLFN2N8XXS;
				GENERATE_INFOPLIST_FILE = YES;
				INFOPLIST_FILE = "ObjectDetection-CoreML/Info.plist";
				INFOPLIST_KEY_UIApplicationSupportsIndirectInputEvents = YES;
				INFOPLIST_KEY_UILaunchStoryboardName = LaunchScreen;
				INFOPLIST_KEY_UIMainStoryboardFile = Main;
				INFOPLIST_KEY_UISupportedInterfaceOrientations_iPad = "UIInterfaceOrientationPortrait UIInterfaceOrientationPortraitUpsideDown UIInterfaceOrientationLandscapeLeft UIInterfaceOrientationLandscapeRight";
				INFOPLIST_KEY_UISupportedInterfaceOrientations_iPhone = "UIInterfaceOrientationPortrait UIInterfaceOrientationLandscapeLeft UIInterfaceOrientationLandscapeRight";
				LD_RUNPATH_SEARCH_PATHS = (
					"$(inherited)",
					"@executable_path/Frameworks",
				);
				MARKETING_VERSION = 1.0;
				PRODUCT_BUNDLE_IDENTIFIER = "com.hietalajulius.ObjectDetection-CoreML";
				PRODUCT_NAME = "$(TARGET_NAME)";
				SWIFT_EMIT_LOC_STRINGS = YES;
				SWIFT_VERSION = 5.0;
				TARGETED_DEVICE_FAMILY = "1,2";
			};
			name = Debug;
		};
		E956E0D628AB7928005A1871 /* Release */ = {
			isa = XCBuildConfiguration;
			buildSettings = {
				ASSETCATALOG_COMPILER_APPICON_NAME = AppIcon;
				ASSETCATALOG_COMPILER_GLOBAL_ACCENT_COLOR_NAME = AccentColor;
				CODE_SIGN_STYLE = Automatic;
				CURRENT_PROJECT_VERSION = 1;
				DEVELOPMENT_TEAM = CLFN2N8XXS;
				GENERATE_INFOPLIST_FILE = YES;
				INFOPLIST_FILE = "ObjectDetection-CoreML/Info.plist";
				INFOPLIST_KEY_UIApplicationSupportsIndirectInputEvents = YES;
				INFOPLIST_KEY_UILaunchStoryboardName = LaunchScreen;
				INFOPLIST_KEY_UIMainStoryboardFile = Main;
				INFOPLIST_KEY_UISupportedInterfaceOrientations_iPad = "UIInterfaceOrientationPortrait UIInterfaceOrientationPortraitUpsideDown UIInterfaceOrientationLandscapeLeft UIInterfaceOrientationLandscapeRight";
				INFOPLIST_KEY_UISupportedInterfaceOrientations_iPhone = "UIInterfaceOrientationPortrait UIInterfaceOrientationLandscapeLeft UIInterfaceOrientationLandscapeRight";
				LD_RUNPATH_SEARCH_PATHS = (
					"$(inherited)",
					"@executable_path/Frameworks",
				);
				MARKETING_VERSION = 1.0;
				PRODUCT_BUNDLE_IDENTIFIER = "com.hietalajulius.ObjectDetection-CoreML";
				PRODUCT_NAME = "$(TARGET_NAME)";
				SWIFT_EMIT_LOC_STRINGS = YES;
				SWIFT_VERSION = 5.0;
				TARGETED_DEVICE_FAMILY = "1,2";
			};
			name = Release;
		};
/* End XCBuildConfiguration section */

/* Begin XCConfigurationList section */
		E956E0BB28AB7926005A1871 /* Build configuration list for PBXProject "ObjectDetection-CoreML" */ = {
			isa = XCConfigurationList;
			buildConfigurations = (
				E956E0D228AB7928005A1871 /* Debug */,
				E956E0D328AB7928005A1871 /* Release */,
			);
			defaultConfigurationIsVisible = 0;
			defaultConfigurationName = Release;
		};
		E956E0D428AB7928005A1871 /* Build configuration list for PBXNativeTarget "ObjectDetection-CoreML" */ = {
			isa = XCConfigurationList;
			buildConfigurations = (
				E956E0D528AB7928005A1871 /* Debug */,
				E956E0D628AB7928005A1871 /* Release */,
			);
			defaultConfigurationIsVisible = 0;
			defaultConfigurationName = Release;
		};
/* End XCConfigurationList section */
	};
	rootObject = E956E0B828AB7926005A1871 /* Project object */;
}
