// !$*UTF8*$!
{
	archiveVersion = 1;
	classes = {
	};
	objectVersion = 50;
	objects = {

/* Begin PBXBuildFile section */
		266E87232563120D00CF5151 /* classes.txt in Resources */ = {isa = PBXBuildFile; fileRef = 266E87222563120D00CF5151 /* classes.txt */; };
		266E8746256350C000CF5151 /* CameraController.swift in Sources */ = {isa = PBXBuildFile; fileRef = 266E8742256350C000CF5151 /* CameraController.swift */; };
		266E8747256350C000CF5151 /* CVPixelBuffer+Helper.swift in Sources */ = {isa = PBXBuildFile; fileRef = 266E8743256350C000CF5151 /* CVPixelBuffer+Helper.swift */; };
		266E8748256350C000CF5151 /* CameraPreviewView.swift in Sources */ = {isa = PBXBuildFile; fileRef = 266E8744256350C000CF5151 /* CameraPreviewView.swift */; };
		266E8749256350C000CF5151 /* LiveObjectDetectionViewController.swift in Sources */ = {isa = PBXBuildFile; fileRef = 266E8745256350C000CF5151 /* LiveObjectDetectionViewController.swift */; };
		266E874D256359E900CF5151 /* ObjectDetector.swift in Sources */ = {isa = PBXBuildFile; fileRef = 266E874C256359E900CF5151 /* ObjectDetector.swift */; };
		269E7472255CC56200B1D6CA /* AppDelegate.swift in Sources */ = {isa = PBXBuildFile; fileRef = 269E7471255CC56200B1D6CA /* AppDelegate.swift */; };
		269E7474255CC56200B1D6CA /* SceneDelegate.swift in Sources */ = {isa = PBXBuildFile; fileRef = 269E7473255CC56200B1D6CA /* SceneDelegate.swift */; };
		269E7476255CC56200B1D6CA /* ViewController.swift in Sources */ = {isa = PBXBuildFile; fileRef = 269E7475255CC56200B1D6CA /* ViewController.swift */; };
		269E7479255CC56200B1D6CA /* Main.storyboard in Resources */ = {isa = PBXBuildFile; fileRef = 269E7477255CC56200B1D6CA /* Main.storyboard */; };
		269E747B255CC56400B1D6CA /* Assets.xcassets in Resources */ = {isa = PBXBuildFile; fileRef = 269E747A255CC56400B1D6CA /* Assets.xcassets */; };
		269E747E255CC56400B1D6CA /* LaunchScreen.storyboard in Resources */ = {isa = PBXBuildFile; fileRef = 269E747C255CC56400B1D6CA /* LaunchScreen.storyboard */; };
		269E7488255CC69400B1D6CA /* test1.png in Resources */ = {isa = PBXBuildFile; fileRef = 269E7487255CC69400B1D6CA /* test1.png */; };
		269E748C255CC6D100B1D6CA /* test3.png in Resources */ = {isa = PBXBuildFile; fileRef = 269E748A255CC6D100B1D6CA /* test3.png */; };
		269E748D255CC6D100B1D6CA /* test2.jpg in Resources */ = {isa = PBXBuildFile; fileRef = 269E748B255CC6D100B1D6CA /* test2.jpg */; };
		269E7498255CCBA000B1D6CA /* InferenceModule.mm in Sources */ = {isa = PBXBuildFile; fileRef = 269E7496255CCBA000B1D6CA /* InferenceModule.mm */; };
		269E749B255CCBC300B1D6CA /* UIImage+Helper.swift in Sources */ = {isa = PBXBuildFile; fileRef = 269E749A255CCBC300B1D6CA /* UIImage+Helper.swift */; };
		26A8C11426E17F8100F4A58D /* yolov5s.torchscript.ptl in Resources */ = {isa = PBXBuildFile; fileRef = 26A8C11326E17F8100F4A58D /* yolov5s.torchscript.ptl */; };
		26FAB5692565E8FC00EA6ED6 /* PrePostProcessor.swift in Sources */ = {isa = PBXBuildFile; fileRef = 26FAB5682565E8FC00EA6ED6 /* PrePostProcessor.swift */; };
/* End PBXBuildFile section */

/* Begin PBXFileReference section */
		266E87222563120D00CF5151 /* classes.txt */ = {isa = PBXFileReference; fileEncoding = 4; lastKnownFileType = text; path = classes.txt; sourceTree = "<group>"; };
		266E8742256350C000CF5151 /* CameraController.swift */ = {isa = PBXFileReference; fileEncoding = 4; lastKnownFileType = sourcecode.swift; path = CameraController.swift; sourceTree = "<group>"; };
		266E8743256350C000CF5151 /* CVPixelBuffer+Helper.swift */ = {isa = PBXFileReference; fileEncoding = 4; lastKnownFileType = sourcecode.swift; path = "CVPixelBuffer+Helper.swift"; sourceTree = "<group>"; };
		266E8744256350C000CF5151 /* CameraPreviewView.swift */ = {isa = PBXFileReference; fileEncoding = 4; lastKnownFileType = sourcecode.swift; path = CameraPreviewView.swift; sourceTree = "<group>"; };
		266E8745256350C000CF5151 /* LiveObjectDetectionViewController.swift */ = {isa = PBXFileReference; fileEncoding = 4; lastKnownFileType = sourcecode.swift; path = LiveObjectDetectionViewController.swift; sourceTree = "<group>"; };
		266E874C256359E900CF5151 /* ObjectDetector.swift */ = {isa = PBXFileReference; fileEncoding = 4; lastKnownFileType = sourcecode.swift; path = ObjectDetector.swift; sourceTree = "<group>"; };
		269E746E255CC56200B1D6CA /* ObjectDetection.app */ = {isa = PBXFileReference; explicitFileType = wrapper.application; includeInIndex = 0; path = ObjectDetection.app; sourceTree = BUILT_PRODUCTS_DIR; };
		269E7471255CC56200B1D6CA /* AppDelegate.swift */ = {isa = PBXFileReference; lastKnownFileType = sourcecode.swift; path = AppDelegate.swift; sourceTree = "<group>"; };
		269E7473255CC56200B1D6CA /* SceneDelegate.swift */ = {isa = PBXFileReference; lastKnownFileType = sourcecode.swift; path = SceneDelegate.swift; sourceTree = "<group>"; };
		269E7475255CC56200B1D6CA /* ViewController.swift */ = {isa = PBXFileReference; lastKnownFileType = sourcecode.swift; path = ViewController.swift; sourceTree = "<group>"; };
		269E7478255CC56200B1D6CA /* Base */ = {isa = PBXFileReference; lastKnownFileType = file.storyboard; name = Base; path = Base.lproj/Main.storyboard; sourceTree = "<group>"; };
		269E747A255CC56400B1D6CA /* Assets.xcassets */ = {isa = PBXFileReference; lastKnownFileType = folder.assetcatalog; path = Assets.xcassets; sourceTree = "<group>"; };
		269E747D255CC56400B1D6CA /* Base */ = {isa = PBXFileReference; lastKnownFileType = file.storyboard; name = Base; path = Base.lproj/LaunchScreen.storyboard; sourceTree = "<group>"; };
		269E747F255CC56400B1D6CA /* Info.plist */ = {isa = PBXFileReference; lastKnownFileType = text.plist.xml; path = Info.plist; sourceTree = "<group>"; };
		269E7487255CC69400B1D6CA /* test1.png */ = {isa = PBXFileReference; lastKnownFileType = image.png; path = test1.png; sourceTree = "<group>"; };
		269E748A255CC6D100B1D6CA /* test3.png */ = {isa = PBXFileReference; lastKnownFileType = image.png; path = test3.png; sourceTree = "<group>"; };
		269E748B255CC6D100B1D6CA /* test2.jpg */ = {isa = PBXFileReference; lastKnownFileType = image.jpeg; path = test2.jpg; sourceTree = "<group>"; };
		269E7495255CCBA000B1D6CA /* ObjectDetection-Bridging-Header.h */ = {isa = PBXFileReference; lastKnownFileType = sourcecode.c.h; path = "ObjectDetection-Bridging-Header.h"; sourceTree = "<group>"; };
		269E7496255CCBA000B1D6CA /* InferenceModule.mm */ = {isa = PBXFileReference; fileEncoding = 4; lastKnownFileType = sourcecode.cpp.objcpp; path = InferenceModule.mm; sourceTree = "<group>"; };
		269E7497255CCBA000B1D6CA /* InferenceModule.h */ = {isa = PBXFileReference; fileEncoding = 4; lastKnownFileType = sourcecode.c.h; path = InferenceModule.h; sourceTree = "<group>"; };
		269E749A255CCBC300B1D6CA /* UIImage+Helper.swift */ = {isa = PBXFileReference; fileEncoding = 4; lastKnownFileType = sourcecode.swift; path = "UIImage+Helper.swift"; sourceTree = "<group>"; };
		26A8C11326E17F8100F4A58D /* yolov5s.torchscript.ptl */ = {isa = PBXFileReference; lastKnownFileType = file; path = yolov5s.torchscript.ptl; sourceTree = "<group>"; };
		26FAB5682565E8FC00EA6ED6 /* PrePostProcessor.swift */ = {isa = PBXFileReference; lastKnownFileType = sourcecode.swift; path = PrePostProcessor.swift; sourceTree = "<group>"; };
/* End PBXFileReference section */

/* Begin PBXFrameworksBuildPhase section */
		269E746B255CC56200B1D6CA /* Frameworks */ = {
			isa = PBXFrameworksBuildPhase;
			buildActionMask = 2147483647;
			files = (
			);
			runOnlyForDeploymentPostprocessing = 0;
		};
/* End PBXFrameworksBuildPhase section */

/* Begin PBXGroup section */
		266E87412563507B00CF5151 /* Live */ = {
			isa = PBXGroup;
			children = (
				266E8742256350C000CF5151 /* CameraController.swift */,
				266E8744256350C000CF5151 /* CameraPreviewView.swift */,
				266E8743256350C000CF5151 /* CVPixelBuffer+Helper.swift */,
				266E8745256350C000CF5151 /* LiveObjectDetectionViewController.swift */,
			);
			path = Live;
			sourceTree = "<group>";
		};
		269E7465255CC56200B1D6CA = {
			isa = PBXGroup;
			children = (
				269E7470255CC56200B1D6CA /* ObjectDetection */,
				269E746F255CC56200B1D6CA /* Products */,
				A3F013A889E9B190698071B6 /* Pods */,
			);
			sourceTree = "<group>";
		};
		269E746F255CC56200B1D6CA /* Products */ = {
			isa = PBXGroup;
			children = (
				269E746E255CC56200B1D6CA /* ObjectDetection.app */,
			);
			name = Products;
			sourceTree = "<group>";
		};
		269E7470255CC56200B1D6CA /* ObjectDetection */ = {
			isa = PBXGroup;
			children = (
				26FAB56C256700A600EA6ED6 /* Inference */,
				266E87412563507B00CF5151 /* Live */,
				26FAB57E256702AC00EA6ED6 /* Utils */,
				269E7471255CC56200B1D6CA /* AppDelegate.swift */,
				269E7473255CC56200B1D6CA /* SceneDelegate.swift */,
				269E7475255CC56200B1D6CA /* ViewController.swift */,
				269E7477255CC56200B1D6CA /* Main.storyboard */,
				269E747A255CC56400B1D6CA /* Assets.xcassets */,
				269E747C255CC56400B1D6CA /* LaunchScreen.storyboard */,
				269E747F255CC56400B1D6CA /* Info.plist */,
				269E7487255CC69400B1D6CA /* test1.png */,
				269E748B255CC6D100B1D6CA /* test2.jpg */,
				269E748A255CC6D100B1D6CA /* test3.png */,
				266E87222563120D00CF5151 /* classes.txt */,
				26A8C11326E17F8100F4A58D /* yolov5s.torchscript.ptl */,
			);
			path = ObjectDetection;
			sourceTree = "<group>";
		};
		26FAB56C256700A600EA6ED6 /* Inference */ = {
			isa = PBXGroup;
			children = (
				269E7497255CCBA000B1D6CA /* InferenceModule.h */,
				269E7496255CCBA000B1D6CA /* InferenceModule.mm */,
				269E7495255CCBA000B1D6CA /* ObjectDetection-Bridging-Header.h */,
				266E874C256359E900CF5151 /* ObjectDetector.swift */,
			);
			path = Inference;
			sourceTree = "<group>";
		};
		26FAB57E256702AC00EA6ED6 /* Utils */ = {
			isa = PBXGroup;
			children = (
				269E749A255CCBC300B1D6CA /* UIImage+Helper.swift */,
				26FAB5682565E8FC00EA6ED6 /* PrePostProcessor.swift */,
			);
			path = Utils;
			sourceTree = "<group>";
		};
		A3F013A889E9B190698071B6 /* Pods */ = {
			isa = PBXGroup;
			children = (
			);
			path = Pods;
			sourceTree = "<group>";
		};
/* End PBXGroup section */

/* Begin PBXNativeTarget section */
		269E746D255CC56200B1D6CA /* ObjectDetection */ = {
			isa = PBXNativeTarget;
			buildConfigurationList = 269E7482255CC56400B1D6CA /* Build configuration list for PBXNativeTarget "ObjectDetection" */;
			buildPhases = (
				269E746A255CC56200B1D6CA /* Sources */,
				269E746B255CC56200B1D6CA /* Frameworks */,
				269E746C255CC56200B1D6CA /* Resources */,
			);
			buildRules = (
			);
			dependencies = (
			);
			name = ObjectDetection;
			productName = ObjectDetection;
			productReference = 269E746E255CC56200B1D6CA /* ObjectDetection.app */;
			productType = "com.apple.product-type.application";
		};
/* End PBXNativeTarget section */

/* Begin PBXProject section */
		269E7466255CC56200B1D6CA /* Project object */ = {
			isa = PBXProject;
			attributes = {
				LastSwiftUpdateCheck = 1210;
				LastUpgradeCheck = 1210;
				TargetAttributes = {
					269E746D255CC56200B1D6CA = {
						CreatedOnToolsVersion = 12.1;
						LastSwiftMigration = 1210;
					};
				};
			};
			buildConfigurationList = 269E7469255CC56200B1D6CA /* Build configuration list for PBXProject "ObjectDetection" */;
			compatibilityVersion = "Xcode 9.3";
			developmentRegion = en;
			hasScannedForEncodings = 0;
			knownRegions = (
				en,
				Base,
			);
			mainGroup = 269E7465255CC56200B1D6CA;
			productRefGroup = 269E746F255CC56200B1D6CA /* Products */;
			projectDirPath = "";
			projectRoot = "";
			targets = (
				269E746D255CC56200B1D6CA /* ObjectDetection */,
			);
		};
/* End PBXProject section */

/* Begin PBXResourcesBuildPhase section */
		269E746C255CC56200B1D6CA /* Resources */ = {
			isa = PBXResourcesBuildPhase;
			buildActionMask = 2147483647;
			files = (
				269E747E255CC56400B1D6CA /* LaunchScreen.storyboard in Resources */,
				26A8C11426E17F8100F4A58D /* yolov5s.torchscript.ptl in Resources */,
				266E87232563120D00CF5151 /* classes.txt in Resources */,
				269E747B255CC56400B1D6CA /* Assets.xcassets in Resources */,
				269E748D255CC6D100B1D6CA /* test2.jpg in Resources */,
				269E7488255CC69400B1D6CA /* test1.png in Resources */,
				269E7479255CC56200B1D6CA /* Main.storyboard in Resources */,
				269E748C255CC6D100B1D6CA /* test3.png in Resources */,
			);
			runOnlyForDeploymentPostprocessing = 0;
		};
/* End PBXResourcesBuildPhase section */

/* Begin PBXSourcesBuildPhase section */
		269E746A255CC56200B1D6CA /* Sources */ = {
			isa = PBXSourcesBuildPhase;
			buildActionMask = 2147483647;
			files = (
				266E8748256350C000CF5151 /* CameraPreviewView.swift in Sources */,
				266E8746256350C000CF5151 /* CameraController.swift in Sources */,
				266E8749256350C000CF5151 /* LiveObjectDetectionViewController.swift in Sources */,
				26FAB5692565E8FC00EA6ED6 /* PrePostProcessor.swift in Sources */,
				269E7498255CCBA000B1D6CA /* InferenceModule.mm in Sources */,
				266E874D256359E900CF5151 /* ObjectDetector.swift in Sources */,
				269E7476255CC56200B1D6CA /* ViewController.swift in Sources */,
				269E749B255CCBC300B1D6CA /* UIImage+Helper.swift in Sources */,
				269E7472255CC56200B1D6CA /* AppDelegate.swift in Sources */,
				266E8747256350C000CF5151 /* CVPixelBuffer+Helper.swift in Sources */,
				269E7474255CC56200B1D6CA /* SceneDelegate.swift in Sources */,
			);
			runOnlyForDeploymentPostprocessing = 0;
		};
/* End PBXSourcesBuildPhase section */

/* Begin PBXVariantGroup section */
		269E7477255CC56200B1D6CA /* Main.storyboard */ = {
			isa = PBXVariantGroup;
			children = (
				269E7478255CC56200B1D6CA /* Base */,
			);
			name = Main.storyboard;
			sourceTree = "<group>";
		};
		269E747C255CC56400B1D6CA /* LaunchScreen.storyboard */ = {
			isa = PBXVariantGroup;
			children = (
				269E747D255CC56400B1D6CA /* Base */,
			);
			name = LaunchScreen.storyboard;
			sourceTree = "<group>";
		};
/* End PBXVariantGroup section */

/* Begin XCBuildConfiguration section */
		269E7480255CC56400B1D6CA /* Debug */ = {
			isa = XCBuildConfiguration;
			buildSettings = {
				ALWAYS_SEARCH_USER_PATHS = NO;
				CLANG_ANALYZER_NONNULL = YES;
				CLANG_ANALYZER_NUMBER_OBJECT_CONVERSION = YES_AGGRESSIVE;
				CLANG_CXX_LANGUAGE_STANDARD = "gnu++14";
				CLANG_CXX_LIBRARY = "libc++";
				CLANG_ENABLE_MODULES = YES;
				CLANG_ENABLE_OBJC_ARC = YES;
				CLANG_ENABLE_OBJC_WEAK = YES;
				CLANG_WARN_BLOCK_CAPTURE_AUTORELEASING = YES;
				CLANG_WARN_BOOL_CONVERSION = YES;
				CLANG_WARN_COMMA = YES;
				CLANG_WARN_CONSTANT_CONVERSION = YES;
				CLANG_WARN_DEPRECATED_OBJC_IMPLEMENTATIONS = YES;
				CLANG_WARN_DIRECT_OBJC_ISA_USAGE = YES_ERROR;
				CLANG_WARN_DOCUMENTATION_COMMENTS = YES;
				CLANG_WARN_EMPTY_BODY = YES;
				CLANG_WARN_ENUM_CONVERSION = YES;
				CLANG_WARN_INFINITE_RECURSION = YES;
				CLANG_WARN_INT_CONVERSION = YES;
				CLANG_WARN_NON_LITERAL_NULL_CONVERSION = YES;
				CLANG_WARN_OBJC_IMPLICIT_RETAIN_SELF = YES;
				CLANG_WARN_OBJC_LITERAL_CONVERSION = YES;
				CLANG_WARN_OBJC_ROOT_CLASS = YES_ERROR;
				CLANG_WARN_QUOTED_INCLUDE_IN_FRAMEWORK_HEADER = YES;
				CLANG_WARN_RANGE_LOOP_ANALYSIS = YES;
				CLANG_WARN_STRICT_PROTOTYPES = YES;
				CLANG_WARN_SUSPICIOUS_MOVE = YES;
				CLANG_WARN_UNGUARDED_AVAILABILITY = YES_AGGRESSIVE;
				CLANG_WARN_UNREACHABLE_CODE = YES;
				CLANG_WARN__DUPLICATE_METHOD_MATCH = YES;
				COPY_PHASE_STRIP = NO;
				DEBUG_INFORMATION_FORMAT = dwarf;
				ENABLE_BITCODE = NO;
				ENABLE_STRICT_OBJC_MSGSEND = YES;
				ENABLE_TESTABILITY = YES;
				GCC_C_LANGUAGE_STANDARD = gnu11;
				GCC_DYNAMIC_NO_PIC = NO;
				GCC_NO_COMMON_BLOCKS = YES;
				GCC_OPTIMIZATION_LEVEL = 0;
				GCC_PREPROCESSOR_DEFINITIONS = (
					"DEBUG=1",
					"$(inherited)",
				);
				GCC_WARN_64_TO_32_BIT_CONVERSION = YES;
				GCC_WARN_ABOUT_RETURN_TYPE = YES_ERROR;
				GCC_WARN_UNDECLARED_SELECTOR = YES;
				GCC_WARN_UNINITIALIZED_AUTOS = YES_AGGRESSIVE;
				GCC_WARN_UNUSED_FUNCTION = YES;
				GCC_WARN_UNUSED_VARIABLE = YES;
				IPHONEOS_DEPLOYMENT_TARGET = 14.0;
				MTL_ENABLE_DEBUG_INFO = INCLUDE_SOURCE;
				MTL_FAST_MATH = YES;
				ONLY_ACTIVE_ARCH = YES;
				SDKROOT = iphoneos;
				SWIFT_ACTIVE_COMPILATION_CONDITIONS = DEBUG;
				SWIFT_OPTIMIZATION_LEVEL = "-Onone";
			};
			name = Debug;
		};
		269E7481255CC56400B1D6CA /* Release */ = {
			isa = XCBuildConfiguration;
			buildSettings = {
				ALWAYS_SEARCH_USER_PATHS = NO;
				CLANG_ANALYZER_NONNULL = YES;
				CLANG_ANALYZER_NUMBER_OBJECT_CONVERSION = YES_AGGRESSIVE;
				CLANG_CXX_LANGUAGE_STANDARD = "gnu++14";
				CLANG_CXX_LIBRARY = "libc++";
				CLANG_ENABLE_MODULES = YES;
				CLANG_ENABLE_OBJC_ARC = YES;
				CLANG_ENABLE_OBJC_WEAK = YES;
				CLANG_WARN_BLOCK_CAPTURE_AUTORELEASING = YES;
				CLANG_WARN_BOOL_CONVERSION = YES;
				CLANG_WARN_COMMA = YES;
				CLANG_WARN_CONSTANT_CONVERSION = YES;
				CLANG_WARN_DEPRECATED_OBJC_IMPLEMENTATIONS = YES;
				CLANG_WARN_DIRECT_OBJC_ISA_USAGE = YES_ERROR;
				CLANG_WARN_DOCUMENTATION_COMMENTS = YES;
				CLANG_WARN_EMPTY_BODY = YES;
				CLANG_WARN_ENUM_CONVERSION = YES;
				CLANG_WARN_INFINITE_RECURSION = YES;
				CLANG_WARN_INT_CONVERSION = YES;
				CLANG_WARN_NON_LITERAL_NULL_CONVERSION = YES;
				CLANG_WARN_OBJC_IMPLICIT_RETAIN_SELF = YES;
				CLANG_WARN_OBJC_LITERAL_CONVERSION = YES;
				CLANG_WARN_OBJC_ROOT_CLASS = YES_ERROR;
				CLANG_WARN_QUOTED_INCLUDE_IN_FRAMEWORK_HEADER = YES;
				CLANG_WARN_RANGE_LOOP_ANALYSIS = YES;
				CLANG_WARN_STRICT_PROTOTYPES = YES;
				CLANG_WARN_SUSPICIOUS_MOVE = YES;
				CLANG_WARN_UNGUARDED_AVAILABILITY = YES_AGGRESSIVE;
				CLANG_WARN_UNREACHABLE_CODE = YES;
				CLANG_WARN__DUPLICATE_METHOD_MATCH = YES;
				COPY_PHASE_STRIP = NO;
				DEBUG_INFORMATION_FORMAT = "dwarf-with-dsym";
				ENABLE_BITCODE = NO;
				ENABLE_NS_ASSERTIONS = NO;
				ENABLE_STRICT_OBJC_MSGSEND = YES;
				GCC_C_LANGUAGE_STANDARD = gnu11;
				GCC_NO_COMMON_BLOCKS = YES;
				GCC_WARN_64_TO_32_BIT_CONVERSION = YES;
				GCC_WARN_ABOUT_RETURN_TYPE = YES_ERROR;
				GCC_WARN_UNDECLARED_SELECTOR = YES;
				GCC_WARN_UNINITIALIZED_AUTOS = YES_AGGRESSIVE;
				GCC_WARN_UNUSED_FUNCTION = YES;
				GCC_WARN_UNUSED_VARIABLE = YES;
				IPHONEOS_DEPLOYMENT_TARGET = 14.0;
				MTL_ENABLE_DEBUG_INFO = NO;
				MTL_FAST_MATH = YES;
				SDKROOT = iphoneos;
				SWIFT_COMPILATION_MODE = wholemodule;
				SWIFT_OPTIMIZATION_LEVEL = "-O";
				VALIDATE_PRODUCT = YES;
			};
			name = Release;
		};
		269E7483255CC56400B1D6CA /* Debug */ = {
			isa = XCBuildConfiguration;
			buildSettings = {
				ASSETCATALOG_COMPILER_APPICON_NAME = AppIcon;
				ASSETCATALOG_COMPILER_GLOBAL_ACCENT_COLOR_NAME = AccentColor;
				CLANG_ENABLE_MODULES = YES;
				CODE_SIGN_STYLE = Automatic;
				DEVELOPMENT_TEAM = "";
				ENABLE_BITCODE = NO;
				INFOPLIST_FILE = ObjectDetection/Info.plist;
				IPHONEOS_DEPLOYMENT_TARGET = 14.0;
				LD_RUNPATH_SEARCH_PATHS = (
					"$(inherited)",
					"@executable_path/Frameworks",
				);
				PRODUCT_BUNDLE_IDENTIFIER = com.pytorch.mobile.ObjectDetection;
				PRODUCT_NAME = "$(TARGET_NAME)";
				SWIFT_OBJC_BRIDGING_HEADER = "ObjectDetection/Inference/ObjectDetection-Bridging-Header.h";
				SWIFT_OPTIMIZATION_LEVEL = "-Onone";
				SWIFT_VERSION = 5.0;
				TARGETED_DEVICE_FAMILY = "1,2";
			};
			name = Debug;
		};
		269E7484255CC56400B1D6CA /* Release */ = {
			isa = XCBuildConfiguration;
			buildSettings = {
				ASSETCATALOG_COMPILER_APPICON_NAME = AppIcon;
				ASSETCATALOG_COMPILER_GLOBAL_ACCENT_COLOR_NAME = AccentColor;
				CLANG_ENABLE_MODULES = YES;
				CODE_SIGN_STYLE = Automatic;
				DEVELOPMENT_TEAM = "";
				ENABLE_BITCODE = NO;
				INFOPLIST_FILE = ObjectDetection/Info.plist;
				IPHONEOS_DEPLOYMENT_TARGET = 14.0;
				LD_RUNPATH_SEARCH_PATHS = (
					"$(inherited)",
					"@executable_path/Frameworks",
				);
				PRODUCT_BUNDLE_IDENTIFIER = com.pytorch.mobile.ObjectDetection;
				PRODUCT_NAME = "$(TARGET_NAME)";
				SWIFT_OBJC_BRIDGING_HEADER = "ObjectDetection/Inference/ObjectDetection-Bridging-Header.h";
				SWIFT_VERSION = 5.0;
				TARGETED_DEVICE_FAMILY = "1,2";
			};
			name = Release;
		};
/* End XCBuildConfiguration section */

/* Begin XCConfigurationList section */
		269E7469255CC56200B1D6CA /* Build configuration list for PBXProject "ObjectDetection" */ = {
			isa = XCConfigurationList;
			buildConfigurations = (
				269E7480255CC56400B1D6CA /* Debug */,
				269E7481255CC56400B1D6CA /* Release */,
			);
			defaultConfigurationIsVisible = 0;
			defaultConfigurationName = Release;
		};
		269E7482255CC56400B1D6CA /* Build configuration list for PBXNativeTarget "ObjectDetection" */ = {
			isa = XCConfigurationList;
			buildConfigurations = (
				269E7483255CC56400B1D6CA /* Debug */,
				269E7484255CC56400B1D6CA /* Release */,
			);
			defaultConfigurationIsVisible = 0;
			defaultConfigurationName = Release;
		};
/* End XCConfigurationList section */
	};
	rootObject = 269E7466255CC56200B1D6CA /* Project object */;
}
