// !$*UTF8*$!
{
	archiveVersion = 1;
	classes = {
	};
	objectVersion = 50;
	objects = {

/* Begin PBXBuildFile section */
		26A8C10C26DFF28500F4A58D /* qa360_quantized.ptl in Resources */ = {isa = PBXBuildFile; fileRef = 26A8C10B26DFF28500F4A58D /* qa360_quantized.ptl */; };
		26E43FA625A7871C00D36C5B /* vocab.txt in Resources */ = {isa = PBXBuildFile; fileRef = 26E43FA425A7871C00D36C5B /* vocab.txt */; };
		26FAB5B22587FBFD00EA6ED6 /* AppDelegate.swift in Sources */ = {isa = PBXBuildFile; fileRef = 26FAB5B12587FBFD00EA6ED6 /* AppDelegate.swift */; };
		26FAB5B42587FBFD00EA6ED6 /* SceneDelegate.swift in Sources */ = {isa = PBXBuildFile; fileRef = 26FAB5B32587FBFD00EA6ED6 /* SceneDelegate.swift */; };
		26FAB5B62587FBFD00EA6ED6 /* ViewController.swift in Sources */ = {isa = PBXBuildFile; fileRef = 26FAB5B52587FBFD00EA6ED6 /* ViewController.swift */; };
		26FAB5B92587FBFD00EA6ED6 /* Main.storyboard in Resources */ = {isa = PBXBuildFile; fileRef = 26FAB5B72587FBFD00EA6ED6 /* Main.storyboard */; };
		26FAB5BB2587FBFF00EA6ED6 /* Assets.xcassets in Resources */ = {isa = PBXBuildFile; fileRef = 26FAB5BA2587FBFF00EA6ED6 /* Assets.xcassets */; };
		26FAB5BE2587FBFF00EA6ED6 /* LaunchScreen.storyboard in Resources */ = {isa = PBXBuildFile; fileRef = 26FAB5BC2587FBFF00EA6ED6 /* LaunchScreen.storyboard */; };
		26FAB5C92587FCAE00EA6ED6 /* InferenceModule.mm in Sources */ = {isa = PBXBuildFile; fileRef = 26FAB5C82587FCAE00EA6ED6 /* InferenceModule.mm */; };
		26FAB5D42587FEAE00EA6ED6 /* QuestionAnswering.swift in Sources */ = {isa = PBXBuildFile; fileRef = 26FAB5D32587FEAE00EA6ED6 /* QuestionAnswering.swift */; };
/* End PBXBuildFile section */

/* Begin PBXFileReference section */
		26A8C10B26DFF28500F4A58D /* qa360_quantized.ptl */ = {isa = PBXFileReference; lastKnownFileType = file; path = qa360_quantized.ptl; sourceTree = "<group>"; };
		26E43FA425A7871C00D36C5B /* vocab.txt */ = {isa = PBXFileReference; fileEncoding = 4; lastKnownFileType = text; path = vocab.txt; sourceTree = "<group>"; };
		26FAB5AE2587FBFD00EA6ED6 /* QuestionAnswering.app */ = {isa = PBXFileReference; explicitFileType = wrapper.application; includeInIndex = 0; path = QuestionAnswering.app; sourceTree = BUILT_PRODUCTS_DIR; };
		26FAB5B12587FBFD00EA6ED6 /* AppDelegate.swift */ = {isa = PBXFileReference; lastKnownFileType = sourcecode.swift; path = AppDelegate.swift; sourceTree = "<group>"; };
		26FAB5B32587FBFD00EA6ED6 /* SceneDelegate.swift */ = {isa = PBXFileReference; lastKnownFileType = sourcecode.swift; path = SceneDelegate.swift; sourceTree = "<group>"; };
		26FAB5B52587FBFD00EA6ED6 /* ViewController.swift */ = {isa = PBXFileReference; lastKnownFileType = sourcecode.swift; path = ViewController.swift; sourceTree = "<group>"; };
		26FAB5B82587FBFD00EA6ED6 /* Base */ = {isa = PBXFileReference; lastKnownFileType = file.storyboard; name = Base; path = Base.lproj/Main.storyboard; sourceTree = "<group>"; };
		26FAB5BA2587FBFF00EA6ED6 /* Assets.xcassets */ = {isa = PBXFileReference; lastKnownFileType = folder.assetcatalog; path = Assets.xcassets; sourceTree = "<group>"; };
		26FAB5BD2587FBFF00EA6ED6 /* Base */ = {isa = PBXFileReference; lastKnownFileType = file.storyboard; name = Base; path = Base.lproj/LaunchScreen.storyboard; sourceTree = "<group>"; };
		26FAB5BF2587FBFF00EA6ED6 /* Info.plist */ = {isa = PBXFileReference; lastKnownFileType = text.plist.xml; path = Info.plist; sourceTree = "<group>"; };
		26FAB5C62587FCAD00EA6ED6 /* QuestionAnswering-Bridging-Header.h */ = {isa = PBXFileReference; lastKnownFileType = sourcecode.c.h; path = "QuestionAnswering-Bridging-Header.h"; sourceTree = "<group>"; };
		26FAB5C72587FCAE00EA6ED6 /* InferenceModule.h */ = {isa = PBXFileReference; fileEncoding = 4; lastKnownFileType = sourcecode.c.h; path = InferenceModule.h; sourceTree = "<group>"; };
		26FAB5C82587FCAE00EA6ED6 /* InferenceModule.mm */ = {isa = PBXFileReference; fileEncoding = 4; lastKnownFileType = sourcecode.cpp.objcpp; path = InferenceModule.mm; sourceTree = "<group>"; };
		26FAB5D32587FEAE00EA6ED6 /* QuestionAnswering.swift */ = {isa = PBXFileReference; lastKnownFileType = sourcecode.swift; path = QuestionAnswering.swift; sourceTree = "<group>"; };
/* End PBXFileReference section */

/* Begin PBXFrameworksBuildPhase section */
		26FAB5AB2587FBFD00EA6ED6 /* Frameworks */ = {
			isa = PBXFrameworksBuildPhase;
			buildActionMask = 2147483647;
			files = (
			);
			runOnlyForDeploymentPostprocessing = 0;
		};
/* End PBXFrameworksBuildPhase section */

/* Begin PBXGroup section */
		26FAB5A52587FBFD00EA6ED6 = {
			isa = PBXGroup;
			children = (
				26FAB5B02587FBFD00EA6ED6 /* QuestionAnswering */,
				26FAB5AF2587FBFD00EA6ED6 /* Products */,
				3656CDAF842F4A05734FCF42 /* Pods */,
			);
			sourceTree = "<group>";
		};
		26FAB5AF2587FBFD00EA6ED6 /* Products */ = {
			isa = PBXGroup;
			children = (
				26FAB5AE2587FBFD00EA6ED6 /* QuestionAnswering.app */,
			);
			name = Products;
			sourceTree = "<group>";
		};
		26FAB5B02587FBFD00EA6ED6 /* QuestionAnswering */ = {
			isa = PBXGroup;
			children = (
				26FAB5B12587FBFD00EA6ED6 /* AppDelegate.swift */,
				26FAB5B32587FBFD00EA6ED6 /* SceneDelegate.swift */,
				26FAB5B52587FBFD00EA6ED6 /* ViewController.swift */,
				26FAB5D32587FEAE00EA6ED6 /* QuestionAnswering.swift */,
				26FAB5C72587FCAE00EA6ED6 /* InferenceModule.h */,
				26FAB5C82587FCAE00EA6ED6 /* InferenceModule.mm */,
				26FAB5B72587FBFD00EA6ED6 /* Main.storyboard */,
				26FAB5BA2587FBFF00EA6ED6 /* Assets.xcassets */,
				26FAB5BC2587FBFF00EA6ED6 /* LaunchScreen.storyboard */,
				26FAB5BF2587FBFF00EA6ED6 /* Info.plist */,
				26FAB5C62587FCAD00EA6ED6 /* QuestionAnswering-Bridging-Header.h */,
				26A8C10B26DFF28500F4A58D /* qa360_quantized.ptl */,
				26E43FA425A7871C00D36C5B /* vocab.txt */,
			);
			path = QuestionAnswering;
			sourceTree = "<group>";
		};
		3656CDAF842F4A05734FCF42 /* Pods */ = {
			isa = PBXGroup;
			children = (
			);
			path = Pods;
			sourceTree = "<group>";
		};
/* End PBXGroup section */

/* Begin PBXNativeTarget section */
		26FAB5AD2587FBFD00EA6ED6 /* QuestionAnswering */ = {
			isa = PBXNativeTarget;
			buildConfigurationList = 26FAB5C22587FBFF00EA6ED6 /* Build configuration list for PBXNativeTarget "QuestionAnswering" */;
			buildPhases = (
				26FAB5AA2587FBFD00EA6ED6 /* Sources */,
				26FAB5AB2587FBFD00EA6ED6 /* Frameworks */,
				26FAB5AC2587FBFD00EA6ED6 /* Resources */,
			);
			buildRules = (
			);
			dependencies = (
			);
			name = QuestionAnswering;
			productName = QuestionAnswering;
			productReference = 26FAB5AE2587FBFD00EA6ED6 /* QuestionAnswering.app */;
			productType = "com.apple.product-type.application";
		};
/* End PBXNativeTarget section */

/* Begin PBXProject section */
		26FAB5A62587FBFD00EA6ED6 /* Project object */ = {
			isa = PBXProject;
			attributes = {
				LastSwiftUpdateCheck = 1220;
				LastUpgradeCheck = 1220;
				TargetAttributes = {
					26FAB5AD2587FBFD00EA6ED6 = {
						CreatedOnToolsVersion = 12.2;
						LastSwiftMigration = 1220;
					};
				};
			};
			buildConfigurationList = 26FAB5A92587FBFD00EA6ED6 /* Build configuration list for PBXProject "QuestionAnswering" */;
			compatibilityVersion = "Xcode 9.3";
			developmentRegion = en;
			hasScannedForEncodings = 0;
			knownRegions = (
				en,
				Base,
			);
			mainGroup = 26FAB5A52587FBFD00EA6ED6;
			productRefGroup = 26FAB5AF2587FBFD00EA6ED6 /* Products */;
			projectDirPath = "";
			projectRoot = "";
			targets = (
				26FAB5AD2587FBFD00EA6ED6 /* QuestionAnswering */,
			);
		};
/* End PBXProject section */

/* Begin PBXResourcesBuildPhase section */
		26FAB5AC2587FBFD00EA6ED6 /* Resources */ = {
			isa = PBXResourcesBuildPhase;
			buildActionMask = 2147483647;
			files = (
				26E43FA625A7871C00D36C5B /* vocab.txt in Resources */,
				26FAB5BE2587FBFF00EA6ED6 /* LaunchScreen.storyboard in Resources */,
				26FAB5BB2587FBFF00EA6ED6 /* Assets.xcassets in Resources */,
				26A8C10C26DFF28500F4A58D /* qa360_quantized.ptl in Resources */,
				26FAB5B92587FBFD00EA6ED6 /* Main.storyboard in Resources */,
			);
			runOnlyForDeploymentPostprocessing = 0;
		};
/* End PBXResourcesBuildPhase section */

/* Begin PBXSourcesBuildPhase section */
		26FAB5AA2587FBFD00EA6ED6 /* Sources */ = {
			isa = PBXSourcesBuildPhase;
			buildActionMask = 2147483647;
			files = (
				26FAB5B62587FBFD00EA6ED6 /* ViewController.swift in Sources */,
				26FAB5B22587FBFD00EA6ED6 /* AppDelegate.swift in Sources */,
				26FAB5B42587FBFD00EA6ED6 /* SceneDelegate.swift in Sources */,
				26FAB5C92587FCAE00EA6ED6 /* InferenceModule.mm in Sources */,
				26FAB5D42587FEAE00EA6ED6 /* QuestionAnswering.swift in Sources */,
			);
			runOnlyForDeploymentPostprocessing = 0;
		};
/* End PBXSourcesBuildPhase section */

/* Begin PBXVariantGroup section */
		26FAB5B72587FBFD00EA6ED6 /* Main.storyboard */ = {
			isa = PBXVariantGroup;
			children = (
				26FAB5B82587FBFD00EA6ED6 /* Base */,
			);
			name = Main.storyboard;
			sourceTree = "<group>";
		};
		26FAB5BC2587FBFF00EA6ED6 /* LaunchScreen.storyboard */ = {
			isa = PBXVariantGroup;
			children = (
				26FAB5BD2587FBFF00EA6ED6 /* Base */,
			);
			name = LaunchScreen.storyboard;
			sourceTree = "<group>";
		};
/* End PBXVariantGroup section */

/* Begin XCBuildConfiguration section */
		26FAB5C02587FBFF00EA6ED6 /* Debug */ = {
			isa = XCBuildConfiguration;
			buildSettings = {
				ALWAYS_SEARCH_USER_PATHS = NO;
				CLANG_ANALYZER_NONNULL = YES;
				CLANG_ANALYZER_NUMBER_OBJECT_CONVERSION = YES_AGGRESSIVE;
				CLANG_CXX_LANGUAGE_STANDARD = "gnu++14";
				CLANG_CXX_LIBRARY = "libc++";
				CLANG_ENABLE_MODULES = YES;
				CLANG_ENABLE_OBJC_ARC = YES;
				CLANG_ENABLE_OBJC_WEAK = YES;
				CLANG_WARN_BLOCK_CAPTURE_AUTORELEASING = YES;
				CLANG_WARN_BOOL_CONVERSION = YES;
				CLANG_WARN_COMMA = YES;
				CLANG_WARN_CONSTANT_CONVERSION = YES;
				CLANG_WARN_DEPRECATED_OBJC_IMPLEMENTATIONS = YES;
				CLANG_WARN_DIRECT_OBJC_ISA_USAGE = YES_ERROR;
				CLANG_WARN_DOCUMENTATION_COMMENTS = YES;
				CLANG_WARN_EMPTY_BODY = YES;
				CLANG_WARN_ENUM_CONVERSION = YES;
				CLANG_WARN_INFINITE_RECURSION = YES;
				CLANG_WARN_INT_CONVERSION = YES;
				CLANG_WARN_NON_LITERAL_NULL_CONVERSION = YES;
				CLANG_WARN_OBJC_IMPLICIT_RETAIN_SELF = YES;
				CLANG_WARN_OBJC_LITERAL_CONVERSION = YES;
				CLANG_WARN_OBJC_ROOT_CLASS = YES_ERROR;
				CLANG_WARN_QUOTED_INCLUDE_IN_FRAMEWORK_HEADER = YES;
				CLANG_WARN_RANGE_LOOP_ANALYSIS = YES;
				CLANG_WARN_STRICT_PROTOTYPES = YES;
				CLANG_WARN_SUSPICIOUS_MOVE = YES;
				CLANG_WARN_UNGUARDED_AVAILABILITY = YES_AGGRESSIVE;
				CLANG_WARN_UNREACHABLE_CODE = YES;
				CLANG_WARN__DUPLICATE_METHOD_MATCH = YES;
				COPY_PHASE_STRIP = NO;
				DEBUG_INFORMATION_FORMAT = dwarf;
				ENABLE_STRICT_OBJC_MSGSEND = YES;
				ENABLE_TESTABILITY = YES;
				GCC_C_LANGUAGE_STANDARD = gnu11;
				GCC_DYNAMIC_NO_PIC = NO;
				GCC_NO_COMMON_BLOCKS = YES;
				GCC_OPTIMIZATION_LEVEL = 0;
				GCC_PREPROCESSOR_DEFINITIONS = (
					"DEBUG=1",
					"$(inherited)",
				);
				GCC_WARN_64_TO_32_BIT_CONVERSION = YES;
				GCC_WARN_ABOUT_RETURN_TYPE = YES_ERROR;
				GCC_WARN_UNDECLARED_SELECTOR = YES;
				GCC_WARN_UNINITIALIZED_AUTOS = YES_AGGRESSIVE;
				GCC_WARN_UNUSED_FUNCTION = YES;
				GCC_WARN_UNUSED_VARIABLE = YES;
				IPHONEOS_DEPLOYMENT_TARGET = 14.2;
				MTL_ENABLE_DEBUG_INFO = INCLUDE_SOURCE;
				MTL_FAST_MATH = YES;
				ONLY_ACTIVE_ARCH = YES;
				SDKROOT = iphoneos;
				SWIFT_ACTIVE_COMPILATION_CONDITIONS = DEBUG;
				SWIFT_OPTIMIZATION_LEVEL = "-Onone";
			};
			name = Debug;
		};
		26FAB5C12587FBFF00EA6ED6 /* Release */ = {
			isa = XCBuildConfiguration;
			buildSettings = {
				ALWAYS_SEARCH_USER_PATHS = NO;
				CLANG_ANALYZER_NONNULL = YES;
				CLANG_ANALYZER_NUMBER_OBJECT_CONVERSION = YES_AGGRESSIVE;
				CLANG_CXX_LANGUAGE_STANDARD = "gnu++14";
				CLANG_CXX_LIBRARY = "libc++";
				CLANG_ENABLE_MODULES = YES;
				CLANG_ENABLE_OBJC_ARC = YES;
				CLANG_ENABLE_OBJC_WEAK = YES;
				CLANG_WARN_BLOCK_CAPTURE_AUTORELEASING = YES;
				CLANG_WARN_BOOL_CONVERSION = YES;
				CLANG_WARN_COMMA = YES;
				CLANG_WARN_CONSTANT_CONVERSION = YES;
				CLANG_WARN_DEPRECATED_OBJC_IMPLEMENTATIONS = YES;
				CLANG_WARN_DIRECT_OBJC_ISA_USAGE = YES_ERROR;
				CLANG_WARN_DOCUMENTATION_COMMENTS = YES;
				CLANG_WARN_EMPTY_BODY = YES;
				CLANG_WARN_ENUM_CONVERSION = YES;
				CLANG_WARN_INFINITE_RECURSION = YES;
				CLANG_WARN_INT_CONVERSION = YES;
				CLANG_WARN_NON_LITERAL_NULL_CONVERSION = YES;
				CLANG_WARN_OBJC_IMPLICIT_RETAIN_SELF = YES;
				CLANG_WARN_OBJC_LITERAL_CONVERSION = YES;
				CLANG_WARN_OBJC_ROOT_CLASS = YES_ERROR;
				CLANG_WARN_QUOTED_INCLUDE_IN_FRAMEWORK_HEADER = YES;
				CLANG_WARN_RANGE_LOOP_ANALYSIS = YES;
				CLANG_WARN_STRICT_PROTOTYPES = YES;
				CLANG_WARN_SUSPICIOUS_MOVE = YES;
				CLANG_WARN_UNGUARDED_AVAILABILITY = YES_AGGRESSIVE;
				CLANG_WARN_UNREACHABLE_CODE = YES;
				CLANG_WARN__DUPLICATE_METHOD_MATCH = YES;
				COPY_PHASE_STRIP = NO;
				DEBUG_INFORMATION_FORMAT = "dwarf-with-dsym";
				ENABLE_NS_ASSERTIONS = NO;
				ENABLE_STRICT_OBJC_MSGSEND = YES;
				GCC_C_LANGUAGE_STANDARD = gnu11;
				GCC_NO_COMMON_BLOCKS = YES;
				GCC_WARN_64_TO_32_BIT_CONVERSION = YES;
				GCC_WARN_ABOUT_RETURN_TYPE = YES_ERROR;
				GCC_WARN_UNDECLARED_SELECTOR = YES;
				GCC_WARN_UNINITIALIZED_AUTOS = YES_AGGRESSIVE;
				GCC_WARN_UNUSED_FUNCTION = YES;
				GCC_WARN_UNUSED_VARIABLE = YES;
				IPHONEOS_DEPLOYMENT_TARGET = 14.2;
				MTL_ENABLE_DEBUG_INFO = NO;
				MTL_FAST_MATH = YES;
				SDKROOT = iphoneos;
				SWIFT_COMPILATION_MODE = wholemodule;
				SWIFT_OPTIMIZATION_LEVEL = "-O";
				VALIDATE_PRODUCT = YES;
			};
			name = Release;
		};
		26FAB5C32587FBFF00EA6ED6 /* Debug */ = {
			isa = XCBuildConfiguration;
			buildSettings = {
				ASSETCATALOG_COMPILER_APPICON_NAME = AppIcon;
				ASSETCATALOG_COMPILER_GLOBAL_ACCENT_COLOR_NAME = AccentColor;
				CLANG_ENABLE_MODULES = YES;
				CODE_SIGN_STYLE = Automatic;
				DEVELOPMENT_TEAM = "";
				ENABLE_BITCODE = NO;
				INFOPLIST_FILE = QuestionAnswering/Info.plist;
				IPHONEOS_DEPLOYMENT_TARGET = 14.0;
				LD_RUNPATH_SEARCH_PATHS = (
					"$(inherited)",
					"@executable_path/Frameworks",
				);
				NEW_SETTING = "";
				PRODUCT_BUNDLE_IDENTIFIER = org.pytorch.demo.QuestionAnswering;
				PRODUCT_NAME = "$(TARGET_NAME)";
				SWIFT_OBJC_BRIDGING_HEADER = "QuestionAnswering/QuestionAnswering-Bridging-Header.h";
				SWIFT_OPTIMIZATION_LEVEL = "-Onone";
				SWIFT_VERSION = 5.0;
				TARGETED_DEVICE_FAMILY = "1,2";
			};
			name = Debug;
		};
		26FAB5C42587FBFF00EA6ED6 /* Release */ = {
			isa = XCBuildConfiguration;
			buildSettings = {
				ASSETCATALOG_COMPILER_APPICON_NAME = AppIcon;
				ASSETCATALOG_COMPILER_GLOBAL_ACCENT_COLOR_NAME = AccentColor;
				CLANG_ENABLE_MODULES = YES;
				CODE_SIGN_STYLE = Automatic;
				DEVELOPMENT_TEAM = "";
				ENABLE_BITCODE = NO;
				INFOPLIST_FILE = QuestionAnswering/Info.plist;
				IPHONEOS_DEPLOYMENT_TARGET = 14.0;
				LD_RUNPATH_SEARCH_PATHS = (
					"$(inherited)",
					"@executable_path/Frameworks",
				);
				NEW_SETTING = "";
				PRODUCT_BUNDLE_IDENTIFIER = org.pytorch.demo.QuestionAnswering;
				PRODUCT_NAME = "$(TARGET_NAME)";
				SWIFT_OBJC_BRIDGING_HEADER = "QuestionAnswering/QuestionAnswering-Bridging-Header.h";
				SWIFT_VERSION = 5.0;
				TARGETED_DEVICE_FAMILY = "1,2";
			};
			name = Release;
		};
/* End XCBuildConfiguration section */

/* Begin XCConfigurationList section */
		26FAB5A92587FBFD00EA6ED6 /* Build configuration list for PBXProject "QuestionAnswering" */ = {
			isa = XCConfigurationList;
			buildConfigurations = (
				26FAB5C02587FBFF00EA6ED6 /* Debug */,
				26FAB5C12587FBFF00EA6ED6 /* Release */,
			);
			defaultConfigurationIsVisible = 0;
			defaultConfigurationName = Release;
		};
		26FAB5C22587FBFF00EA6ED6 /* Build configuration list for PBXNativeTarget "QuestionAnswering" */ = {
			isa = XCConfigurationList;
			buildConfigurations = (
				26FAB5C32587FBFF00EA6ED6 /* Debug */,
				26FAB5C42587FBFF00EA6ED6 /* Release */,
			);
			defaultConfigurationIsVisible = 0;
			defaultConfigurationName = Release;
		};
/* End XCConfigurationList section */
	};
	rootObject = 26FAB5A62587FBFD00EA6ED6 /* Project object */;
}
